
Microsoft Visual Studio Solution File, Format Version 12.00
# Visual Studio 15
VisualStudioVersion = 15.0.28307.572
MinimumVisualStudioVersion = 10.0.40219.1
Project("{FAE04EC0-301F-11D3-BF4B-00C04F79EFBC}") = "WebAPI", "WebAPI\WebAPI.csproj", "{7CAEEE52-EC8F-4948-8FCC-985F4CCB762A}"
EndProject
Project("{FAE04EC0-301F-11D3-BF4B-00C04F79EFBC}") = "APIDb", "APIDb\APIDb.csproj", "{32E95FF4-86A3-4B5E-9A22-27839C4142A8}"
EndProject
Global
	GlobalSection(SolutionConfigurationPlatforms) = preSolution
		Debug|Any CPU = Debug|Any CPU
		Release|Any CPU = Release|Any CPU
	EndGlobalSection
	GlobalSection(ProjectConfigurationPlatforms) = postSolution
		{7CAEEE52-EC8F-4948-8FCC-985F4CCB762A}.Debug|Any CPU.ActiveCfg = Debug|Any CPU
		{7CAEEE52-EC8F-4948-8FCC-985F4CCB762A}.Debug|Any CPU.Build.0 = Debug|Any CPU
		{7CAEEE52-EC8F-4948-8FCC-985F4CCB762A}.Release|Any CPU.ActiveCfg = Release|Any CPU
		{7CAEEE52-EC8F-4948-8FCC-985F4CCB762A}.Release|Any CPU.Build.0 = Release|Any CPU
		{32E95FF4-86A3-4B5E-9A22-27839C4142A8}.Debug|Any CPU.ActiveCfg = Debug|Any CPU
		{32E95FF4-86A3-4B5E-9A22-27839C4142A8}.Debug|Any CPU.Build.0 = Debug|Any CPU
		{32E95FF4-86A3-4B5E-9A22-27839C4142A8}.Release|Any CPU.ActiveCfg = Release|Any CPU
		{32E95FF4-86A3-4B5E-9A22-27839C4142A8}.Release|Any CPU.Build.0 = Release|Any CPU
	EndGlobalSection
	GlobalSection(SolutionProperties) = preSolution
		HideSolutionNode = FALSE
	EndGlobalSection
	GlobalSection(ExtensibilityGlobals) = postSolution
		SolutionGuid = {57995611-A9BC-4CDF-8948-7D7944EE5A2E}
	EndGlobalSection
EndGlobal
